
Microsoft Visual Studio Solution File, Format Version 12.00
# Visual Studio Version 16
VisualStudioVersion = 16.0.32602.291
MinimumVisualStudioVersion = 10.0.40219.1
Project("{151D2E53-A2C4-4D7D-83FE-D05416EBD58E}") = "AzureResourceGroup-WebApp-SQL", "AzureResourceGroup-WebApp-SQL\AzureResourceGroup-WebApp-SQL.deployproj", "{3F25F343-1384-40C7-BF10-969AB587C54C}"
EndProject
Global
	GlobalSection(SolutionConfigurationPlatforms) = preSolution
		Debug|Any CPU = Debug|Any CPU
		Release|Any CPU = Release|Any CPU
	EndGlobalSection
	GlobalSection(ProjectConfigurationPlatforms) = postSolution
		{3F25F343-1384-40C7-BF10-969AB587C54C}.Debug|Any CPU.ActiveCfg = Debug|Any CPU
		{3F25F343-1384-40C7-BF10-969AB587C54C}.Debug|Any CPU.Build.0 = Debug|Any CPU
		{3F25F343-1384-40C7-BF10-969AB587C54C}.Release|Any CPU.ActiveCfg = Release|Any CPU
		{3F25F343-1384-40C7-BF10-969AB587C54C}.Release|Any CPU.Build.0 = Release|Any CPU
	EndGlobalSection
	GlobalSection(SolutionProperties) = preSolution
		HideSolutionNode = FALSE
	EndGlobalSection
	GlobalSection(ExtensibilityGlobals) = postSolution
		SolutionGuid = {76D42D09-609F-4099-9355-4CDE68631FD1}
	EndGlobalSection
EndGlobal
